Microsoft Visual Studio Solution File, Format Version 11.00
# Visual Studio 2019

Project("{8BC9CEB8-8B4A-11D0-8D11-00A0C91BC942}") = "NoneApp - Standalone Plugin", "NoneApp_StandalonePlugin.vcxproj", "{2394A001-6484-C817-BF00-59B272FC3DFE}"
	ProjectSection(ProjectDependencies) = postProject
		{4819C531-4642-40B3-2E43-98A0C84D0F41} = {4819C531-4642-40B3-2E43-98A0C84D0F41}
	EndProjectSection
EndProject
Project("{8BC9CEB8-8B4A-11D0-8D11-00A0C91BC942}") = "NoneApp - VST3", "NoneApp_VST3.vcxproj", "{AD80EF50-B924-5A71-B315-7A4E2D5717DD}"
	ProjectSection(ProjectDependencies) = postProject
		{4819C531-4642-40B3-2E43-98A0C84D0F41} = {4819C531-4642-40B3-2E43-98A0C84D0F41}
	EndProjectSection
EndProject
Project("{8BC9CEB8-8B4A-11D0-8D11-00A0C91BC942}") = "NoneApp - Shared Code", "NoneApp_SharedCode.vcxproj", "{4819C531-4642-40B3-2E43-98A0C84D0F41}"
EndProject
Global
	GlobalSection(SolutionConfigurationPlatforms) = preSolution
		Debug|x64 = Debug|x64
		Release|x64 = Release|x64
	EndGlobalSection
	GlobalSection(ProjectConfigurationPlatforms) = postSolution
		{AD80EF50-B924-5A71-B315-7A4E2D5717DD}.Debug|x64.ActiveCfg = Debug|x64
		{AD80EF50-B924-5A71-B315-7A4E2D5717DD}.Debug|x64.Build.0 = Debug|x64
		{AD80EF50-B924-5A71-B315-7A4E2D5717DD}.Release|x64.ActiveCfg = Release|x64
		{AD80EF50-B924-5A71-B315-7A4E2D5717DD}.Release|x64.Build.0 = Release|x64
		{2394A001-6484-C817-BF00-59B272FC3DFE}.Debug|x64.ActiveCfg = Debug|x64
		{2394A001-6484-C817-BF00-59B272FC3DFE}.Debug|x64.Build.0 = Debug|x64
		{2394A001-6484-C817-BF00-59B272FC3DFE}.Release|x64.ActiveCfg = Release|x64
		{2394A001-6484-C817-BF00-59B272FC3DFE}.Release|x64.Build.0 = Release|x64
		{4819C531-4642-40B3-2E43-98A0C84D0F41}.Debug|x64.ActiveCfg = Debug|x64
		{4819C531-4642-40B3-2E43-98A0C84D0F41}.Debug|x64.Build.0 = Debug|x64
		{4819C531-4642-40B3-2E43-98A0C84D0F41}.Release|x64.ActiveCfg = Release|x64
		{4819C531-4642-40B3-2E43-98A0C84D0F41}.Release|x64.Build.0 = Release|x64
	EndGlobalSection
	GlobalSection(SolutionProperties) = preSolution
		HideSolutionNode = FALSE
	EndGlobalSection
EndGlobal
